// !$*UTF8*$!
{
	archiveVersion = 1;
	classes = {
	};
	objectVersion = 56;
	objects = {

/* Begin PBXBuildFile section */
		87B321A02C6685E200B5C48A /* AppDelegate.swift in Sources */ = {isa = PBXBuildFile; fileRef = 87B3219F2C6685E200B5C48A /* AppDelegate.swift */; };
		87B321A22C6685E200B5C48A /* SceneDelegate.swift in Sources */ = {isa = PBXBuildFile; fileRef = 87B321A12C6685E200B5C48A /* SceneDelegate.swift */; };
		87B321A42C6685E200B5C48A /* ViewController.swift in Sources */ = {isa = PBXBuildFile; fileRef = 87B321A32C6685E200B5C48A /* ViewController.swift */; };
		87B321A72C6685E200B5C48A /* Base in Resources */ = {isa = PBXBuildFile; fileRef = 87B321A62C6685E200B5C48A /* Base */; };
		87B321A92C6685E500B5C48A /* Assets.xcassets in Resources */ = {isa = PBXBuildFile; fileRef = 87B321A82C6685E500B5C48A /* Assets.xcassets */; };
		87B321AC2C6685E500B5C48A /* Base in Resources */ = {isa = PBXBuildFile; fileRef = 87B321AB2C6685E500B5C48A /* Base */; };
		87B321B72C6685E500B5C48A /* IOSnativeclientappTests.swift in Sources */ = {isa = PBXBuildFile; fileRef = 87B321B62C6685E500B5C48A /* IOSnativeclientappTests.swift */; };
		87B321C12C6685E500B5C48A /* IOSnativeclientappUITests.swift in Sources */ = {isa = PBXBuildFile; fileRef = 87B321C02C6685E500B5C48A /* IOSnativeclientappUITests.swift */; };
		87B321C32C6685E500B5C48A /* IOSnativeclientappUITestsLaunchTests.swift in Sources */ = {isa = PBXBuildFile; fileRef = 87B321C22C6685E500B5C48A /* IOSnativeclientappUITestsLaunchTests.swift */; };
/* End PBXBuildFile section */

/* Begin PBXContainerItemProxy section */
		87B321B32C6685E500B5C48A /* PBXContainerItemProxy */ = {
			isa = PBXContainerItemProxy;
			containerPortal = 87B321942C6685E200B5C48A /* Project object */;
			proxyType = 1;
			remoteGlobalIDString = 87B3219B2C6685E200B5C48A;
			remoteInfo = IOSnativeclientapp;
		};
		87B321BD2C6685E500B5C48A /* PBXContainerItemProxy */ = {
			isa = PBXContainerItemProxy;
			containerPortal = 87B321942C6685E200B5C48A /* Project object */;
			proxyType = 1;
			remoteGlobalIDString = 87B3219B2C6685E200B5C48A;
			remoteInfo = IOSnativeclientapp;
		};
/* End PBXContainerItemProxy section */

/* Begin PBXFileReference section */
		87B3219C2C6685E200B5C48A /* IOSnativeclientapp.app */ = {isa = PBXFileReference; explicitFileType = wrapper.application; includeInIndex = 0; path = IOSnativeclientapp.app; sourceTree = BUILT_PRODUCTS_DIR; };
		87B3219F2C6685E200B5C48A /* AppDelegate.swift */ = {isa = PBXFileReference; lastKnownFileType = sourcecode.swift; path = AppDelegate.swift; sourceTree = "<group>"; };
		87B321A12C6685E200B5C48A /* SceneDelegate.swift */ = {isa = PBXFileReference; lastKnownFileType = sourcecode.swift; path = SceneDelegate.swift; sourceTree = "<group>"; };
		87B321A32C6685E200B5C48A /* ViewController.swift */ = {isa = PBXFileReference; lastKnownFileType = sourcecode.swift; path = ViewController.swift; sourceTree = "<group>"; };
		87B321A62C6685E200B5C48A /* Base */ = {isa = PBXFileReference; lastKnownFileType = file.storyboard; name = Base; path = Base.lproj/Main.storyboard; sourceTree = "<group>"; };
		87B321A82C6685E500B5C48A /* Assets.xcassets */ = {isa = PBXFileReference; lastKnownFileType = folder.assetcatalog; path = Assets.xcassets; sourceTree = "<group>"; };
		87B321AB2C6685E500B5C48A /* Base */ = {isa = PBXFileReference; lastKnownFileType = file.storyboard; name = Base; path = Base.lproj/LaunchScreen.storyboard; sourceTree = "<group>"; };
		87B321AD2C6685E500B5C48A /* Info.plist */ = {isa = PBXFileReference; lastKnownFileType = text.plist.xml; path = Info.plist; sourceTree = "<group>"; };
		87B321B22C6685E500B5C48A /* IOSnativeclientappTests.xctest */ = {isa = PBXFileReference; explicitFileType = wrapper.cfbundle; includeInIndex = 0; path = IOSnativeclientappTests.xctest; sourceTree = BUILT_PRODUCTS_DIR; };
		87B321B62C6685E500B5C48A /* IOSnativeclientappTests.swift */ = {isa = PBXFileReference; lastKnownFileType = sourcecode.swift; path = IOSnativeclientappTests.swift; sourceTree = "<group>"; };
		87B321BC2C6685E500B5C48A /* IOSnativeclientappUITests.xctest */ = {isa = PBXFileReference; explicitFileType = wrapper.cfbundle; includeInIndex = 0; path = IOSnativeclientappUITests.xctest; sourceTree = BUILT_PRODUCTS_DIR; };
		87B321C02C6685E500B5C48A /* IOSnativeclientappUITests.swift */ = {isa = PBXFileReference; lastKnownFileType = sourcecode.swift; path = IOSnativeclientappUITests.swift; sourceTree = "<group>"; };
		87B321C22C6685E500B5C48A /* IOSnativeclientappUITestsLaunchTests.swift */ = {isa = PBXFileReference; lastKnownFileType = sourcecode.swift; path = IOSnativeclientappUITestsLaunchTests.swift; sourceTree = "<group>"; };
/* End PBXFileReference section */

/* Begin PBXFrameworksBuildPhase section */
		87B321992C6685E200B5C48A /* Frameworks */ = {
			isa = PBXFrameworksBuildPhase;
			buildActionMask = 2147483647;
			files = (
			);
			runOnlyForDeploymentPostprocessing = 0;
		};
		87B321AF2C6685E500B5C48A /* Frameworks */ = {
			isa = PBXFrameworksBuildPhase;
			buildActionMask = 2147483647;
			files = (
			);
			runOnlyForDeploymentPostprocessing = 0;
		};
		87B321B92C6685E500B5C48A /* Frameworks */ = {
			isa = PBXFrameworksBuildPhase;
			buildActionMask = 2147483647;
			files = (
			);
			runOnlyForDeploymentPostprocessing = 0;
		};
/* End PBXFrameworksBuildPhase section */

/* Begin PBXGroup section */
		87B321932C6685E200B5C48A = {
			isa = PBXGroup;
			children = (
				87B3219E2C6685E200B5C48A /* IOSnativeclientapp */,
				87B321B52C6685E500B5C48A /* IOSnativeclientappTests */,
				87B321BF2C6685E500B5C48A /* IOSnativeclientappUITests */,
				87B3219D2C6685E200B5C48A /* Products */,
			);
			sourceTree = "<group>";
		};
		87B3219D2C6685E200B5C48A /* Products */ = {
			isa = PBXGroup;
			children = (
				87B3219C2C6685E200B5C48A /* IOSnativeclientapp.app */,
				87B321B22C6685E500B5C48A /* IOSnativeclientappTests.xctest */,
				87B321BC2C6685E500B5C48A /* IOSnativeclientappUITests.xctest */,
			);
			name = Products;
			sourceTree = "<group>";
		};
		87B3219E2C6685E200B5C48A /* IOSnativeclientapp */ = {
			isa = PBXGroup;
			children = (
				87B3219F2C6685E200B5C48A /* AppDelegate.swift */,
				87B321A12C6685E200B5C48A /* SceneDelegate.swift */,
				87B321A32C6685E200B5C48A /* ViewController.swift */,
				87B321A52C6685E200B5C48A /* Main.storyboard */,
				87B321A82C6685E500B5C48A /* Assets.xcassets */,
				87B321AA2C6685E500B5C48A /* LaunchScreen.storyboard */,
				87B321AD2C6685E500B5C48A /* Info.plist */,
			);
			path = IOSnativeclientapp;
			sourceTree = "<group>";
		};
		87B321B52C6685E500B5C48A /* IOSnativeclientappTests */ = {
			isa = PBXGroup;
			children = (
				87B321B62C6685E500B5C48A /* IOSnativeclientappTests.swift */,
			);
			path = IOSnativeclientappTests;
			sourceTree = "<group>";
		};
		87B321BF2C6685E500B5C48A /* IOSnativeclientappUITests */ = {
			isa = PBXGroup;
			children = (
				87B321C02C6685E500B5C48A /* IOSnativeclientappUITests.swift */,
				87B321C22C6685E500B5C48A /* IOSnativeclientappUITestsLaunchTests.swift */,
			);
			path = IOSnativeclientappUITests;
			sourceTree = "<group>";
		};
/* End PBXGroup section */

/* Begin PBXNativeTarget section */
		87B3219B2C6685E200B5C48A /* IOSnativeclientapp */ = {
			isa = PBXNativeTarget;
			buildConfigurationList = 87B321C62C6685E500B5C48A /* Build configuration list for PBXNativeTarget "IOSnativeclientapp" */;
			buildPhases = (
				87B321982C6685E200B5C48A /* Sources */,
				87B321992C6685E200B5C48A /* Frameworks */,
				87B3219A2C6685E200B5C48A /* Resources */,
			);
			buildRules = (
			);
			dependencies = (
			);
			name = IOSnativeclientapp;
			productName = IOSnativeclientapp;
			productReference = 87B3219C2C6685E200B5C48A /* IOSnativeclientapp.app */;
			productType = "com.apple.product-type.application";
		};
		87B321B12C6685E500B5C48A /* IOSnativeclientappTests */ = {
			isa = PBXNativeTarget;
			buildConfigurationList = 87B321C92C6685E500B5C48A /* Build configuration list for PBXNativeTarget "IOSnativeclientappTests" */;
			buildPhases = (
				87B321AE2C6685E500B5C48A /* Sources */,
				87B321AF2C6685E500B5C48A /* Frameworks */,
				87B321B02C6685E500B5C48A /* Resources */,
			);
			buildRules = (
			);
			dependencies = (
				87B321B42C6685E500B5C48A /* PBXTargetDependency */,
			);
			name = IOSnativeclientappTests;
			productName = IOSnativeclientappTests;
			productReference = 87B321B22C6685E500B5C48A /* IOSnativeclientappTests.xctest */;
			productType = "com.apple.product-type.bundle.unit-test";
		};
		87B321BB2C6685E500B5C48A /* IOSnativeclientappUITests */ = {
			isa = PBXNativeTarget;
			buildConfigurationList = 87B321CC2C6685E500B5C48A /* Build configuration list for PBXNativeTarget "IOSnativeclientappUITests" */;
			buildPhases = (
				87B321B82C6685E500B5C48A /* Sources */,
				87B321B92C6685E500B5C48A /* Frameworks */,
				87B321BA2C6685E500B5C48A /* Resources */,
			);
			buildRules = (
			);
			dependencies = (
				87B321BE2C6685E500B5C48A /* PBXTargetDependency */,
			);
			name = IOSnativeclientappUITests;
			productName = IOSnativeclientappUITests;
			productReference = 87B321BC2C6685E500B5C48A /* IOSnativeclientappUITests.xctest */;
			productType = "com.apple.product-type.bundle.ui-testing";
		};
/* End PBXNativeTarget section */

/* Begin PBXProject section */
		87B321942C6685E200B5C48A /* Project object */ = {
			isa = PBXProject;
			attributes = {
				BuildIndependentTargetsInParallel = 1;
				LastSwiftUpdateCheck = 1540;
				LastUpgradeCheck = 1540;
				TargetAttributes = {
					87B3219B2C6685E200B5C48A = {
						CreatedOnToolsVersion = 15.4;
					};
					87B321B12C6685E500B5C48A = {
						CreatedOnToolsVersion = 15.4;
						TestTargetID = 87B3219B2C6685E200B5C48A;
					};
					87B321BB2C6685E500B5C48A = {
						CreatedOnToolsVersion = 15.4;
						TestTargetID = 87B3219B2C6685E200B5C48A;
					};
				};
			};
			buildConfigurationList = 87B321972C6685E200B5C48A /* Build configuration list for PBXProject "IOSnativeclientapp" */;
			compatibilityVersion = "Xcode 14.0";
			developmentRegion = en;
			hasScannedForEncodings = 0;
			knownRegions = (
				en,
				Base,
			);
			mainGroup = 87B321932C6685E200B5C48A;
			productRefGroup = 87B3219D2C6685E200B5C48A /* Products */;
			projectDirPath = "";
			projectRoot = "";
			targets = (
				87B3219B2C6685E200B5C48A /* IOSnativeclientapp */,
				87B321B12C6685E500B5C48A /* IOSnativeclientappTests */,
				87B321BB2C6685E500B5C48A /* IOSnativeclientappUITests */,
			);
		};
/* End PBXProject section */

/* Begin PBXResourcesBuildPhase section */
		87B3219A2C6685E200B5C48A /* Resources */ = {
			isa = PBXResourcesBuildPhase;
			buildActionMask = 2147483647;
			files = (
				87B321A92C6685E500B5C48A /* Assets.xcassets in Resources */,
				87B321AC2C6685E500B5C48A /* Base in Resources */,
				87B321A72C6685E200B5C48A /* Base in Resources */,
			);
			runOnlyForDeploymentPostprocessing = 0;
		};
		87B321B02C6685E500B5C48A /* Resources */ = {
			isa = PBXResourcesBuildPhase;
			buildActionMask = 2147483647;
			files = (
			);
			runOnlyForDeploymentPostprocessing = 0;
		};
		87B321BA2C6685E500B5C48A /* Resources */ = {
			isa = PBXResourcesBuildPhase;
			buildActionMask = 2147483647;
			files = (
			);
			runOnlyForDeploymentPostprocessing = 0;
		};
/* End PBXResourcesBuildPhase section */

/* Begin PBXSourcesBuildPhase section */
		87B321982C6685E200B5C48A /* Sources */ = {
			isa = PBXSourcesBuildPhase;
			buildActionMask = 2147483647;
			files = (
				87B321A42C6685E200B5C48A /* ViewController.swift in Sources */,
				87B321A02C6685E200B5C48A /* AppDelegate.swift in Sources */,
				87B321A22C6685E200B5C48A /* SceneDelegate.swift in Sources */,
			);
			runOnlyForDeploymentPostprocessing = 0;
		};
		87B321AE2C6685E500B5C48A /* Sources */ = {
			isa = PBXSourcesBuildPhase;
			buildActionMask = 2147483647;
			files = (
				87B321B72C6685E500B5C48A /* IOSnativeclientappTests.swift in Sources */,
			);
			runOnlyForDeploymentPostprocessing = 0;
		};
		87B321B82C6685E500B5C48A /* Sources */ = {
			isa = PBXSourcesBuildPhase;
			buildActionMask = 2147483647;
			files = (
				87B321C32C6685E500B5C48A /* IOSnativeclientappUITestsLaunchTests.swift in Sources */,
				87B321C12C6685E500B5C48A /* IOSnativeclientappUITests.swift in Sources */,
			);
			runOnlyForDeploymentPostprocessing = 0;
		};
/* End PBXSourcesBuildPhase section */

/* Begin PBXTargetDependency section */
		87B321B42C6685E500B5C48A /* PBXTargetDependency */ = {
			isa = PBXTargetDependency;
			target = 87B3219B2C6685E200B5C48A /* IOSnativeclientapp */;
			targetProxy = 87B321B32C6685E500B5C48A /* PBXContainerItemProxy */;
		};
		87B321BE2C6685E500B5C48A /* PBXTargetDependency */ = {
			isa = PBXTargetDependency;
			target = 87B3219B2C6685E200B5C48A /* IOSnativeclientapp */;
			targetProxy = 87B321BD2C6685E500B5C48A /* PBXContainerItemProxy */;
		};
/* End PBXTargetDependency section */

/* Begin PBXVariantGroup section */
		87B321A52C6685E200B5C48A /* Main.storyboard */ = {
			isa = PBXVariantGroup;
			children = (
				87B321A62C6685E200B5C48A /* Base */,
			);
			name = Main.storyboard;
			sourceTree = "<group>";
		};
		87B321AA2C6685E500B5C48A /* LaunchScreen.storyboard */ = {
			isa = PBXVariantGroup;
			children = (
				87B321AB2C6685E500B5C48A /* Base */,
			);
			name = LaunchScreen.storyboard;
			sourceTree = "<group>";
		};
/* End PBXVariantGroup section */

/* Begin XCBuildConfiguration section */
		87B321C42C6685E500B5C48A /* Debug */ = {
			isa = XCBuildConfiguration;
			buildSettings = {
				ALWAYS_SEARCH_USER_PATHS = NO;
				ASSETCATALOG_COMPILER_GENERATE_SWIFT_ASSET_SYMBOL_EXTENSIONS = YES;
				CLANG_ANALYZER_NONNULL = YES;
				CLANG_ANALYZER_NUMBER_OBJECT_CONVERSION = YES_AGGRESSIVE;
				CLANG_CXX_LANGUAGE_STANDARD = "gnu++20";
				CLANG_ENABLE_MODULES = YES;
				CLANG_ENABLE_OBJC_ARC = YES;
				CLANG_ENABLE_OBJC_WEAK = YES;
				CLANG_WARN_BLOCK_CAPTURE_AUTORELEASING = YES;
				CLANG_WARN_BOOL_CONVERSION = YES;
				CLANG_WARN_COMMA = YES;
				CLANG_WARN_CONSTANT_CONVERSION = YES;
				CLANG_WARN_DEPRECATED_OBJC_IMPLEMENTATIONS = YES;
				CLANG_WARN_DIRECT_OBJC_ISA_USAGE = YES_ERROR;
				CLANG_WARN_DOCUMENTATION_COMMENTS = YES;
				CLANG_WARN_EMPTY_BODY = YES;
				CLANG_WARN_ENUM_CONVERSION = YES;
				CLANG_WARN_INFINITE_RECURSION = YES;
				CLANG_WARN_INT_CONVERSION = YES;
				CLANG_WARN_NON_LITERAL_NULL_CONVERSION = YES;
				CLANG_WARN_OBJC_IMPLICIT_RETAIN_SELF = YES;
				CLANG_WARN_OBJC_LITERAL_CONVERSION = YES;
				CLANG_WARN_OBJC_ROOT_CLASS = YES_ERROR;
				CLANG_WARN_QUOTED_INCLUDE_IN_FRAMEWORK_HEADER = YES;
				CLANG_WARN_RANGE_LOOP_ANALYSIS = YES;
				CLANG_WARN_STRICT_PROTOTYPES = YES;
				CLANG_WARN_SUSPICIOUS_MOVE = YES;
				CLANG_WARN_UNGUARDED_AVAILABILITY = YES_AGGRESSIVE;
				CLANG_WARN_UNREACHABLE_CODE = YES;
				CLANG_WARN__DUPLICATE_METHOD_MATCH = YES;
				COPY_PHASE_STRIP = NO;
				DEBUG_INFORMATION_FORMAT = dwarf;
				ENABLE_STRICT_OBJC_MSGSEND = YES;
				ENABLE_TESTABILITY = YES;
				ENABLE_USER_SCRIPT_SANDBOXING = YES;
				GCC_C_LANGUAGE_STANDARD = gnu17;
				GCC_DYNAMIC_NO_PIC = NO;
				GCC_NO_COMMON_BLOCKS = YES;
				GCC_OPTIMIZATION_LEVEL = 0;
				GCC_PREPROCESSOR_DEFINITIONS = (
					"DEBUG=1",
					"$(inherited)",
				);
				GCC_WARN_64_TO_32_BIT_CONVERSION = YES;
				GCC_WARN_ABOUT_RETURN_TYPE = YES_ERROR;
				GCC_WARN_UNDECLARED_SELECTOR = YES;
				GCC_WARN_UNINITIALIZED_AUTOS = YES_AGGRESSIVE;
				GCC_WARN_UNUSED_FUNCTION = YES;
				GCC_WARN_UNUSED_VARIABLE = YES;
				IPHONEOS_DEPLOYMENT_TARGET = 17.5;
				LOCALIZATION_PREFERS_STRING_CATALOGS = YES;
				MTL_ENABLE_DEBUG_INFO = INCLUDE_SOURCE;
				MTL_FAST_MATH = YES;
				ONLY_ACTIVE_ARCH = YES;
				SDKROOT = iphoneos;
				SWIFT_ACTIVE_COMPILATION_CONDITIONS = "DEBUG $(inherited)";
				SWIFT_OPTIMIZATION_LEVEL = "-Onone";
			};
			name = Debug;
		};
		87B321C52C6685E500B5C48A /* Release */ = {
			isa = XCBuildConfiguration;
			buildSettings = {
				ALWAYS_SEARCH_USER_PATHS = NO;
				ASSETCATALOG_COMPILER_GENERATE_SWIFT_ASSET_SYMBOL_EXTENSIONS = YES;
				CLANG_ANALYZER_NONNULL = YES;
				CLANG_ANALYZER_NUMBER_OBJECT_CONVERSION = YES_AGGRESSIVE;
				CLANG_CXX_LANGUAGE_STANDARD = "gnu++20";
				CLANG_ENABLE_MODULES = YES;
				CLANG_ENABLE_OBJC_ARC = YES;
				CLANG_ENABLE_OBJC_WEAK = YES;
				CLANG_WARN_BLOCK_CAPTURE_AUTORELEASING = YES;
				CLANG_WARN_BOOL_CONVERSION = YES;
				CLANG_WARN_COMMA = YES;
				CLANG_WARN_CONSTANT_CONVERSION = YES;
				CLANG_WARN_DEPRECATED_OBJC_IMPLEMENTATIONS = YES;
				CLANG_WARN_DIRECT_OBJC_ISA_USAGE = YES_ERROR;
				CLANG_WARN_DOCUMENTATION_COMMENTS = YES;
				CLANG_WARN_EMPTY_BODY = YES;
				CLANG_WARN_ENUM_CONVERSION = YES;
				CLANG_WARN_INFINITE_RECURSION = YES;
				CLANG_WARN_INT_CONVERSION = YES;
				CLANG_WARN_NON_LITERAL_NULL_CONVERSION = YES;
				CLANG_WARN_OBJC_IMPLICIT_RETAIN_SELF = YES;
				CLANG_WARN_OBJC_LITERAL_CONVERSION = YES;
				CLANG_WARN_OBJC_ROOT_CLASS = YES_ERROR;
				CLANG_WARN_QUOTED_INCLUDE_IN_FRAMEWORK_HEADER = YES;
				CLANG_WARN_RANGE_LOOP_ANALYSIS = YES;
				CLANG_WARN_STRICT_PROTOTYPES = YES;
				CLANG_WARN_SUSPICIOUS_MOVE = YES;
				CLANG_WARN_UNGUARDED_AVAILABILITY = YES_AGGRESSIVE;
				CLANG_WARN_UNREACHABLE_CODE = YES;
				CLANG_WARN__DUPLICATE_METHOD_MATCH = YES;
				COPY_PHASE_STRIP = NO;
				DEBUG_INFORMATION_FORMAT = "dwarf-with-dsym";
				ENABLE_NS_ASSERTIONS = NO;
				ENABLE_STRICT_OBJC_MSGSEND = YES;
				ENABLE_USER_SCRIPT_SANDBOXING = YES;
				GCC_C_LANGUAGE_STANDARD = gnu17;
				GCC_NO_COMMON_BLOCKS = YES;
				GCC_WARN_64_TO_32_BIT_CONVERSION = YES;
				GCC_WARN_ABOUT_RETURN_TYPE = YES_ERROR;
				GCC_WARN_UNDECLARED_SELECTOR = YES;
				GCC_WARN_UNINITIALIZED_AUTOS = YES_AGGRESSIVE;
				GCC_WARN_UNUSED_FUNCTION = YES;
				GCC_WARN_UNUSED_VARIABLE = YES;
				IPHONEOS_DEPLOYMENT_TARGET = 17.5;
				LOCALIZATION_PREFERS_STRING_CATALOGS = YES;
				MTL_ENABLE_DEBUG_INFO = NO;
				MTL_FAST_MATH = YES;
				SDKROOT = iphoneos;
				SWIFT_COMPILATION_MODE = wholemodule;
				VALIDATE_PRODUCT = YES;
			};
			name = Release;
		};
		87B321C72C6685E500B5C48A /* Debug */ = {
			isa = XCBuildConfiguration;
			buildSettings = {
				ASSETCATALOG_COMPILER_APPICON_NAME = AppIcon;
				ASSETCATALOG_COMPILER_GLOBAL_ACCENT_COLOR_NAME = AccentColor;
				CODE_SIGN_STYLE = Automatic;
				CURRENT_PROJECT_VERSION = 1;
				DEVELOPMENT_TEAM = CZVJ3Y7MUQ;
				GENERATE_INFOPLIST_FILE = YES;
				INFOPLIST_FILE = IOSnativeclientapp/Info.plist;
				INFOPLIST_KEY_UIApplicationSupportsIndirectInputEvents = YES;
				INFOPLIST_KEY_UILaunchStoryboardName = LaunchScreen;
				INFOPLIST_KEY_UIMainStoryboardFile = Main;
				INFOPLIST_KEY_UISupportedInterfaceOrientations_iPad = "UIInterfaceOrientationPortrait UIInterfaceOrientationPortraitUpsideDown UIInterfaceOrientationLandscapeLeft UIInterfaceOrientationLandscapeRight";
				INFOPLIST_KEY_UISupportedInterfaceOrientations_iPhone = "UIInterfaceOrientationPortrait UIInterfaceOrientationLandscapeLeft UIInterfaceOrientationLandscapeRight";
				LD_RUNPATH_SEARCH_PATHS = (
					"$(inherited)",
					"@executable_path/Frameworks",
				);
				MARKETING_VERSION = 1.0;
				PRODUCT_BUNDLE_IDENTIFIER = gojiraf.IOSnativeclientapp;
				PRODUCT_NAME = "$(TARGET_NAME)";
				SWIFT_EMIT_LOC_STRINGS = YES;
				SWIFT_VERSION = 5.0;
				TARGETED_DEVICE_FAMILY = "1,2";
			};
			name = Debug;
		};
		87B321C82C6685E500B5C48A /* Release */ = {
			isa = XCBuildConfiguration;
			buildSettings = {
				ASSETCATALOG_COMPILER_APPICON_NAME = AppIcon;
				ASSETCATALOG_COMPILER_GLOBAL_ACCENT_COLOR_NAME = AccentColor;
				CODE_SIGN_STYLE = Automatic;
				CURRENT_PROJECT_VERSION = 1;
				DEVELOPMENT_TEAM = CZVJ3Y7MUQ;
				GENERATE_INFOPLIST_FILE = YES;
				INFOPLIST_FILE = IOSnativeclientapp/Info.plist;
				INFOPLIST_KEY_UIApplicationSupportsIndirectInputEvents = YES;
				INFOPLIST_KEY_UILaunchStoryboardName = LaunchScreen;
				INFOPLIST_KEY_UIMainStoryboardFile = Main;
				INFOPLIST_KEY_UISupportedInterfaceOrientations_iPad = "UIInterfaceOrientationPortrait UIInterfaceOrientationPortraitUpsideDown UIInterfaceOrientationLandscapeLeft UIInterfaceOrientationLandscapeRight";
				INFOPLIST_KEY_UISupportedInterfaceOrientations_iPhone = "UIInterfaceOrientationPortrait UIInterfaceOrientationLandscapeLeft UIInterfaceOrientationLandscapeRight";
				LD_RUNPATH_SEARCH_PATHS = (
					"$(inherited)",
					"@executable_path/Frameworks",
				);
				MARKETING_VERSION = 1.0;
				PRODUCT_BUNDLE_IDENTIFIER = gojiraf.IOSnativeclientapp;
				PRODUCT_NAME = "$(TARGET_NAME)";
				SWIFT_EMIT_LOC_STRINGS = YES;
				SWIFT_VERSION = 5.0;
				TARGETED_DEVICE_FAMILY = "1,2";
			};
			name = Release;
		};
		87B321CA2C6685E500B5C48A /* Debug */ = {
			isa = XCBuildConfiguration;
			buildSettings = {
				ALWAYS_EMBED_SWIFT_STANDARD_LIBRARIES = YES;
				BUNDLE_LOADER = "$(TEST_HOST)";
				CODE_SIGN_STYLE = Automatic;
				CURRENT_PROJECT_VERSION = 1;
				DEVELOPMENT_TEAM = CZVJ3Y7MUQ;
				GENERATE_INFOPLIST_FILE = YES;
				IPHONEOS_DEPLOYMENT_TARGET = 17.5;
				MARKETING_VERSION = 1.0;
				PRODUCT_BUNDLE_IDENTIFIER = gojiraf.IOSnativeclientappTests;
				PRODUCT_NAME = "$(TARGET_NAME)";
				SWIFT_EMIT_LOC_STRINGS = NO;
				SWIFT_VERSION = 5.0;
				TARGETED_DEVICE_FAMILY = "1,2";
				TEST_HOST = "$(BUILT_PRODUCTS_DIR)/IOSnativeclientapp.app/$(BUNDLE_EXECUTABLE_FOLDER_PATH)/IOSnativeclientapp";
			};
			name = Debug;
		};
		87B321CB2C6685E500B5C48A /* Release */ = {
			isa = XCBuildConfiguration;
			buildSettings = {
				ALWAYS_EMBED_SWIFT_STANDARD_LIBRARIES = YES;
				BUNDLE_LOADER = "$(TEST_HOST)";
				CODE_SIGN_STYLE = Automatic;
				CURRENT_PROJECT_VERSION = 1;
				DEVELOPMENT_TEAM = CZVJ3Y7MUQ;
				GENERATE_INFOPLIST_FILE = YES;
				IPHONEOS_DEPLOYMENT_TARGET = 17.5;
				MARKETING_VERSION = 1.0;
				PRODUCT_BUNDLE_IDENTIFIER = gojiraf.IOSnativeclientappTests;
				PRODUCT_NAME = "$(TARGET_NAME)";
				SWIFT_EMIT_LOC_STRINGS = NO;
				SWIFT_VERSION = 5.0;
				TARGETED_DEVICE_FAMILY = "1,2";
				TEST_HOST = "$(BUILT_PRODUCTS_DIR)/IOSnativeclientapp.app/$(BUNDLE_EXECUTABLE_FOLDER_PATH)/IOSnativeclientapp";
			};
			name = Release;
		};
		87B321CD2C6685E500B5C48A /* Debug */ = {
			isa = XCBuildConfiguration;
			buildSettings = {
				ALWAYS_EMBED_SWIFT_STANDARD_LIBRARIES = YES;
				CODE_SIGN_STYLE = Automatic;
				CURRENT_PROJECT_VERSION = 1;
				DEVELOPMENT_TEAM = CZVJ3Y7MUQ;
				GENERATE_INFOPLIST_FILE = YES;
				MARKETING_VERSION = 1.0;
				PRODUCT_BUNDLE_IDENTIFIER = gojiraf.IOSnativeclientappUITests;
				PRODUCT_NAME = "$(TARGET_NAME)";
				SWIFT_EMIT_LOC_STRINGS = NO;
				SWIFT_VERSION = 5.0;
				TARGETED_DEVICE_FAMILY = "1,2";
				TEST_TARGET_NAME = IOSnativeclientapp;
			};
			name = Debug;
		};
		87B321CE2C6685E500B5C48A /* Release */ = {
			isa = XCBuildConfiguration;
			buildSettings = {
				ALWAYS_EMBED_SWIFT_STANDARD_LIBRARIES = YES;
				CODE_SIGN_STYLE = Automatic;
				CURRENT_PROJECT_VERSION = 1;
				DEVELOPMENT_TEAM = CZVJ3Y7MUQ;
				GENERATE_INFOPLIST_FILE = YES;
				MARKETING_VERSION = 1.0;
				PRODUCT_BUNDLE_IDENTIFIER = gojiraf.IOSnativeclientappUITests;
				PRODUCT_NAME = "$(TARGET_NAME)";
				SWIFT_EMIT_LOC_STRINGS = NO;
				SWIFT_VERSION = 5.0;
				TARGETED_DEVICE_FAMILY = "1,2";
				TEST_TARGET_NAME = IOSnativeclientapp;
			};
			name = Release;
		};
/* End XCBuildConfiguration section */

/* Begin XCConfigurationList section */
		87B321972C6685E200B5C48A /* Build configuration list for PBXProject "IOSnativeclientapp" */ = {
			isa = XCConfigurationList;
			buildConfigurations = (
				87B321C42C6685E500B5C48A /* Debug */,
				87B321C52C6685E500B5C48A /* Release */,
			);
			defaultConfigurationIsVisible = 0;
			defaultConfigurationName = Release;
		};
		87B321C62C6685E500B5C48A /* Build configuration list for PBXNativeTarget "IOSnativeclientapp" */ = {
			isa = XCConfigurationList;
			buildConfigurations = (
				87B321C72C6685E500B5C48A /* Debug */,
				87B321C82C6685E500B5C48A /* Release */,
			);
			defaultConfigurationIsVisible = 0;
			defaultConfigurationName = Release;
		};
		87B321C92C6685E500B5C48A /* Build configuration list for PBXNativeTarget "IOSnativeclientappTests" */ = {
			isa = XCConfigurationList;
			buildConfigurations = (
				87B321CA2C6685E500B5C48A /* Debug */,
				87B321CB2C6685E500B5C48A /* Release */,
			);
			defaultConfigurationIsVisible = 0;
			defaultConfigurationName = Release;
		};
		87B321CC2C6685E500B5C48A /* Build configuration list for PBXNativeTarget "IOSnativeclientappUITests" */ = {
			isa = XCConfigurationList;
			buildConfigurations = (
				87B321CD2C6685E500B5C48A /* Debug */,
				87B321CE2C6685E500B5C48A /* Release */,
			);
			defaultConfigurationIsVisible = 0;
			defaultConfigurationName = Release;
		};
/* End XCConfigurationList section */
	};
	rootObject = 87B321942C6685E200B5C48A /* Project object */;
}
